
Microsoft Visual Studio Solution File, Format Version 12.00
# Visual Studio Version 17
VisualStudioVersion = 17.0.31903.59
MinimumVisualStudioVersion = 10.0.40219.1
Project("{FAE04EC0-301F-11D3-BF4B-00C04F79EFBC}") = "Exodus", "Exodus\Exodus.csproj", "{94552C01-CB69-426A-BAB7-AAA0F278B285}"
EndProject
Project("{FAE04EC0-301F-11D3-BF4B-00C04F79EFBC}") = "CompositionScroll", "CompositionScroll\CompositionScroll.csproj", "{14A9DBE3-E96C-4E24-BF6C-1E4F42FB7467}"
EndProject
Global
	GlobalSection(SolutionConfigurationPlatforms) = preSolution
		Debug|Any CPU = Debug|Any CPU
		Release|Any CPU = Release|Any CPU
	EndGlobalSection
	GlobalSection(SolutionProperties) = preSolution
		HideSolutionNode = FALSE
	EndGlobalSection
	GlobalSection(ProjectConfigurationPlatforms) = postSolution
		{94552C01-CB69-426A-BAB7-AAA0F278B285}.Debug|Any CPU.ActiveCfg = Debug|Any CPU
		{94552C01-CB69-426A-BAB7-AAA0F278B285}.Debug|Any CPU.Build.0 = Debug|Any CPU
		{94552C01-CB69-426A-BAB7-AAA0F278B285}.Release|Any CPU.ActiveCfg = Release|Any CPU
		{94552C01-CB69-426A-BAB7-AAA0F278B285}.Release|Any CPU.Build.0 = Release|Any CPU
		{14A9DBE3-E96C-4E24-BF6C-1E4F42FB7467}.Debug|Any CPU.ActiveCfg = Debug|Any CPU
		{14A9DBE3-E96C-4E24-BF6C-1E4F42FB7467}.Debug|Any CPU.Build.0 = Debug|Any CPU
		{14A9DBE3-E96C-4E24-BF6C-1E4F42FB7467}.Release|Any CPU.ActiveCfg = Release|Any CPU
		{14A9DBE3-E96C-4E24-BF6C-1E4F42FB7467}.Release|Any CPU.Build.0 = Release|Any CPU
	EndGlobalSection
EndGlobal
